
Microsoft Visual Studio Solution File, Format Version 12.00
# Visual Studio Version 17
VisualStudioVersion = 17.14.36327.8
MinimumVisualStudioVersion = 10.0.40219.1
Project("{2150E333-8FDC-42A3-9474-1A3956D46DE8}") = "Services", "Services", "{02EA681E-C7D8-13C7-8484-4AC65E1B71E8}"
EndProject
Project("{2150E333-8FDC-42A3-9474-1A3956D46DE8}") = "Catalog", "Catalog", "{A0AA75FB-8B54-4623-8210-A82F7DD90883}"
EndProject
Project("{FAE04EC0-301F-11D3-BF4B-00C04F79EFBC}") = "Catalog.API", "Services\Catalog\Catalog.API\Catalog.API.csproj", "{CAC2F3EA-5744-4EE4-A951-4BB4BC2B2589}"
EndProject
Project("{2150E333-8FDC-42A3-9474-1A3956D46DE8}") = "BuildingBlocks", "BuildingBlocks", "{0D6E0C43-7D6E-4A6A-8175-8A4411CA543F}"
EndProject
Project("{FAE04EC0-301F-11D3-BF4B-00C04F79EFBC}") = "BuildingBlocks", "BuildingBlocks\BuildingBlocks\BuildingBlocks.csproj", "{685DF9F5-A72C-4E94-96F5-1E6AACA34FCA}"
EndProject
Project("{E53339B2-1760-4266-BCC7-CA923CBCF16C}") = "docker-compose", "docker-compose.dcproj", "{81DDED9D-158B-E303-5F62-77A2896D2A5A}"
EndProject
Project("{2150E333-8FDC-42A3-9474-1A3956D46DE8}") = "Basket", "Basket", "{15AF9FD0-642A-4405-8571-3E09251FB7D2}"
EndProject
Project("{FAE04EC0-301F-11D3-BF4B-00C04F79EFBC}") = "Basket.API", "Services\Basket\Basket.API\Basket.API.csproj", "{1FA4F3EB-ADE5-4965-979D-A6EA70B92B63}"
EndProject
Project("{2150E333-8FDC-42A3-9474-1A3956D46DE8}") = "Discount", "Discount", "{F8926EC4-EE89-4FAD-BE85-C468867E6CA2}"
EndProject
Project("{FAE04EC0-301F-11D3-BF4B-00C04F79EFBC}") = "Discount.Grpc", "Services\Discount\Discount.Grpc\Discount.Grpc.csproj", "{A914F327-C1E8-45A4-92D7-FF46851199BF}"
EndProject
Global
	GlobalSection(SolutionConfigurationPlatforms) = preSolution
		Debug|Any CPU = Debug|Any CPU
		Release|Any CPU = Release|Any CPU
	EndGlobalSection
	GlobalSection(ProjectConfigurationPlatforms) = postSolution
		{CAC2F3EA-5744-4EE4-A951-4BB4BC2B2589}.Debug|Any CPU.ActiveCfg = Debug|Any CPU
		{CAC2F3EA-5744-4EE4-A951-4BB4BC2B2589}.Debug|Any CPU.Build.0 = Debug|Any CPU
		{CAC2F3EA-5744-4EE4-A951-4BB4BC2B2589}.Release|Any CPU.ActiveCfg = Release|Any CPU
		{CAC2F3EA-5744-4EE4-A951-4BB4BC2B2589}.Release|Any CPU.Build.0 = Release|Any CPU
		{685DF9F5-A72C-4E94-96F5-1E6AACA34FCA}.Debug|Any CPU.ActiveCfg = Debug|Any CPU
		{685DF9F5-A72C-4E94-96F5-1E6AACA34FCA}.Debug|Any CPU.Build.0 = Debug|Any CPU
		{685DF9F5-A72C-4E94-96F5-1E6AACA34FCA}.Release|Any CPU.ActiveCfg = Release|Any CPU
		{685DF9F5-A72C-4E94-96F5-1E6AACA34FCA}.Release|Any CPU.Build.0 = Release|Any CPU
		{81DDED9D-158B-E303-5F62-77A2896D2A5A}.Debug|Any CPU.ActiveCfg = Debug|Any CPU
		{81DDED9D-158B-E303-5F62-77A2896D2A5A}.Debug|Any CPU.Build.0 = Debug|Any CPU
		{81DDED9D-158B-E303-5F62-77A2896D2A5A}.Release|Any CPU.ActiveCfg = Release|Any CPU
		{81DDED9D-158B-E303-5F62-77A2896D2A5A}.Release|Any CPU.Build.0 = Release|Any CPU
		{1FA4F3EB-ADE5-4965-979D-A6EA70B92B63}.Debug|Any CPU.ActiveCfg = Debug|Any CPU
		{1FA4F3EB-ADE5-4965-979D-A6EA70B92B63}.Debug|Any CPU.Build.0 = Debug|Any CPU
		{1FA4F3EB-ADE5-4965-979D-A6EA70B92B63}.Release|Any CPU.ActiveCfg = Release|Any CPU
		{1FA4F3EB-ADE5-4965-979D-A6EA70B92B63}.Release|Any CPU.Build.0 = Release|Any CPU
		{A914F327-C1E8-45A4-92D7-FF46851199BF}.Debug|Any CPU.ActiveCfg = Debug|Any CPU
		{A914F327-C1E8-45A4-92D7-FF46851199BF}.Debug|Any CPU.Build.0 = Debug|Any CPU
		{A914F327-C1E8-45A4-92D7-FF46851199BF}.Release|Any CPU.ActiveCfg = Release|Any CPU
		{A914F327-C1E8-45A4-92D7-FF46851199BF}.Release|Any CPU.Build.0 = Release|Any CPU
	EndGlobalSection
	GlobalSection(SolutionProperties) = preSolution
		HideSolutionNode = FALSE
	EndGlobalSection
	GlobalSection(NestedProjects) = preSolution
		{A0AA75FB-8B54-4623-8210-A82F7DD90883} = {02EA681E-C7D8-13C7-8484-4AC65E1B71E8}
		{CAC2F3EA-5744-4EE4-A951-4BB4BC2B2589} = {A0AA75FB-8B54-4623-8210-A82F7DD90883}
		{685DF9F5-A72C-4E94-96F5-1E6AACA34FCA} = {0D6E0C43-7D6E-4A6A-8175-8A4411CA543F}
		{15AF9FD0-642A-4405-8571-3E09251FB7D2} = {02EA681E-C7D8-13C7-8484-4AC65E1B71E8}
		{1FA4F3EB-ADE5-4965-979D-A6EA70B92B63} = {15AF9FD0-642A-4405-8571-3E09251FB7D2}
		{F8926EC4-EE89-4FAD-BE85-C468867E6CA2} = {02EA681E-C7D8-13C7-8484-4AC65E1B71E8}
		{A914F327-C1E8-45A4-92D7-FF46851199BF} = {F8926EC4-EE89-4FAD-BE85-C468867E6CA2}
	EndGlobalSection
	GlobalSection(ExtensibilityGlobals) = postSolution
		SolutionGuid = {752B85FE-6DE2-4342-A21D-93F9CFE76469}
	EndGlobalSection
EndGlobal
